// !$*UTF8*$!
{
	archiveVersion = 1;
	classes = {
	};
	objectVersion = 50;
	objects = {

/* Begin PBXBuildFile section */
		C200A10E228EA7C100757F04 /* QuestionCell.swift in Sources */ = {isa = PBXBuildFile; fileRef = C200A10C228EA7C100757F04 /* QuestionCell.swift */; };
		C200A10F228EA7C100757F04 /* QuestionCell.xib in Resources */ = {isa = PBXBuildFile; fileRef = C200A10D228EA7C100757F04 /* QuestionCell.xib */; };
		C200A111228EACD900757F04 /* QuestionChoiceController.swift in Sources */ = {isa = PBXBuildFile; fileRef = C200A110228EACD900757F04 /* QuestionChoiceController.swift */; };
		C200A115228F37C400757F04 /* NextViewController.swift in Sources */ = {isa = PBXBuildFile; fileRef = C200A114228F37C400757F04 /* NextViewController.swift */; };
		C208BA5F226AF33500C354A7 /* AppDelegate.swift in Sources */ = {isa = PBXBuildFile; fileRef = C208BA5E226AF33500C354A7 /* AppDelegate.swift */; };
		C208BA61226AF33500C354A7 /* ViewController.swift in Sources */ = {isa = PBXBuildFile; fileRef = C208BA60226AF33500C354A7 /* ViewController.swift */; };
		C208BA64226AF33500C354A7 /* Main.storyboard in Resources */ = {isa = PBXBuildFile; fileRef = C208BA62226AF33500C354A7 /* Main.storyboard */; };
		C208BA66226AF33700C354A7 /* Assets.xcassets in Resources */ = {isa = PBXBuildFile; fileRef = C208BA65226AF33700C354A7 /* Assets.xcassets */; };
		C208BA69226AF33700C354A7 /* LaunchScreen.storyboard in Resources */ = {isa = PBXBuildFile; fileRef = C208BA67226AF33700C354A7 /* LaunchScreen.storyboard */; };
		C208BA71226B130600C354A7 /* QuestionViewController.swift in Sources */ = {isa = PBXBuildFile; fileRef = C208BA70226B130600C354A7 /* QuestionViewController.swift */; };
		C208BB872283504400C354A7 /* Model.swift in Sources */ = {isa = PBXBuildFile; fileRef = C208BB862283504400C354A7 /* Model.swift */; };
		C208BB8E2283C1E700C354A7 /* DataTableViewCell.swift in Sources */ = {isa = PBXBuildFile; fileRef = C208BB8C2283C1E700C354A7 /* DataTableViewCell.swift */; };
		C208BB8F2283C1E700C354A7 /* DataTableViewCell.xib in Resources */ = {isa = PBXBuildFile; fileRef = C208BB8D2283C1E700C354A7 /* DataTableViewCell.xib */; };
		C208BB932283C6D000C354A7 /* DateTableViewController.swift in Sources */ = {isa = PBXBuildFile; fileRef = C208BB922283C6D000C354A7 /* DateTableViewController.swift */; };
		C208BB972283FF2E00C354A7 /* IntroduceTableViewController.swift in Sources */ = {isa = PBXBuildFile; fileRef = C208BB962283FF2E00C354A7 /* IntroduceTableViewController.swift */; };
		C208BB9C2283FFB100C354A7 /* IntroduceTableViewCell.swift in Sources */ = {isa = PBXBuildFile; fileRef = C208BB9A2283FFB100C354A7 /* IntroduceTableViewCell.swift */; };
		C208BB9D2283FFB100C354A7 /* IntroduceTableViewCell.xib in Resources */ = {isa = PBXBuildFile; fileRef = C208BB9B2283FFB100C354A7 /* IntroduceTableViewCell.xib */; };
		C208BB9F2284139C00C354A7 /* TopViewController.swift in Sources */ = {isa = PBXBuildFile; fileRef = C208BB9E2284139C00C354A7 /* TopViewController.swift */; };
		C26809102292C36000852066 /* party_cracker.png in Resources */ = {isa = PBXBuildFile; fileRef = C268090F2292C36000852066 /* party_cracker.png */; };
		C26809122292C4E700852066 /* party_cracker2.png in Resources */ = {isa = PBXBuildFile; fileRef = C26809112292C4E600852066 /* party_cracker2.png */; };
		C26809162292C6A000852066 /* FinishViewController.swift in Sources */ = {isa = PBXBuildFile; fileRef = C26809152292C6A000852066 /* FinishViewController.swift */; };
		F09C59FC577686CA2D0FBC55 /* Pods_IntroApp.framework in Frameworks */ = {isa = PBXBuildFile; fileRef = 6F91C8921EC5EBD17FEF87E1 /* Pods_IntroApp.framework */; };
/* End PBXBuildFile section */

/* Begin PBXFileReference section */
		15873FEE195477994E79693B /* Pods-IntroApp.debug.xcconfig */ = {isa = PBXFileReference; includeInIndex = 1; lastKnownFileType = text.xcconfig; name = "Pods-IntroApp.debug.xcconfig"; path = "Target Support Files/Pods-IntroApp/Pods-IntroApp.debug.xcconfig"; sourceTree = "<group>"; };
		6F91C8921EC5EBD17FEF87E1 /* Pods_IntroApp.framework */ = {isa = PBXFileReference; explicitFileType = wrapper.framework; includeInIndex = 0; path = Pods_IntroApp.framework; sourceTree = BUILT_PRODUCTS_DIR; };
		730D4A9244639A16DAE6A268 /* Pods-IntroApp.release.xcconfig */ = {isa = PBXFileReference; includeInIndex = 1; lastKnownFileType = text.xcconfig; name = "Pods-IntroApp.release.xcconfig"; path = "Target Support Files/Pods-IntroApp/Pods-IntroApp.release.xcconfig"; sourceTree = "<group>"; };
		C200A10C228EA7C100757F04 /* QuestionCell.swift */ = {isa = PBXFileReference; lastKnownFileType = sourcecode.swift; path = QuestionCell.swift; sourceTree = "<group>"; };
		C200A10D228EA7C100757F04 /* QuestionCell.xib */ = {isa = PBXFileReference; lastKnownFileType = file.xib; path = QuestionCell.xib; sourceTree = "<group>"; };
		C200A110228EACD900757F04 /* QuestionChoiceController.swift */ = {isa = PBXFileReference; lastKnownFileType = sourcecode.swift; path = QuestionChoiceController.swift; sourceTree = "<group>"; };
		C200A114228F37C400757F04 /* NextViewController.swift */ = {isa = PBXFileReference; lastKnownFileType = sourcecode.swift; path = NextViewController.swift; sourceTree = "<group>"; };
		C208BA5B226AF33500C354A7 /* IntroApp.app */ = {isa = PBXFileReference; explicitFileType = wrapper.application; includeInIndex = 0; path = IntroApp.app; sourceTree = BUILT_PRODUCTS_DIR; };
		C208BA5E226AF33500C354A7 /* AppDelegate.swift */ = {isa = PBXFileReference; lastKnownFileType = sourcecode.swift; path = AppDelegate.swift; sourceTree = "<group>"; };
		C208BA60226AF33500C354A7 /* ViewController.swift */ = {isa = PBXFileReference; lastKnownFileType = sourcecode.swift; path = ViewController.swift; sourceTree = "<group>"; };
		C208BA63226AF33500C354A7 /* Base */ = {isa = PBXFileReference; lastKnownFileType = file.storyboard; name = Base; path = Base.lproj/Main.storyboard; sourceTree = "<group>"; };
		C208BA65226AF33700C354A7 /* Assets.xcassets */ = {isa = PBXFileReference; lastKnownFileType = folder.assetcatalog; path = Assets.xcassets; sourceTree = "<group>"; };
		C208BA68226AF33700C354A7 /* Base */ = {isa = PBXFileReference; lastKnownFileType = file.storyboard; name = Base; path = Base.lproj/LaunchScreen.storyboard; sourceTree = "<group>"; };
		C208BA6A226AF33700C354A7 /* Info.plist */ = {isa = PBXFileReference; lastKnownFileType = text.plist.xml; path = Info.plist; sourceTree = "<group>"; };
		C208BA70226B130600C354A7 /* QuestionViewController.swift */ = {isa = PBXFileReference; lastKnownFileType = sourcecode.swift; path = QuestionViewController.swift; sourceTree = "<group>"; };
		C208BB862283504400C354A7 /* Model.swift */ = {isa = PBXFileReference; lastKnownFileType = sourcecode.swift; path = Model.swift; sourceTree = "<group>"; };
		C208BB8C2283C1E700C354A7 /* DataTableViewCell.swift */ = {isa = PBXFileReference; lastKnownFileType = sourcecode.swift; path = DataTableViewCell.swift; sourceTree = "<group>"; };
		C208BB8D2283C1E700C354A7 /* DataTableViewCell.xib */ = {isa = PBXFileReference; lastKnownFileType = file.xib; path = DataTableViewCell.xib; sourceTree = "<group>"; };
		C208BB922283C6D000C354A7 /* DateTableViewController.swift */ = {isa = PBXFileReference; lastKnownFileType = sourcecode.swift; path = DateTableViewController.swift; sourceTree = "<group>"; };
		C208BB962283FF2E00C354A7 /* IntroduceTableViewController.swift */ = {isa = PBXFileReference; lastKnownFileType = sourcecode.swift; path = IntroduceTableViewController.swift; sourceTree = "<group>"; };
		C208BB9A2283FFB100C354A7 /* IntroduceTableViewCell.swift */ = {isa = PBXFileReference; lastKnownFileType = sourcecode.swift; path = IntroduceTableViewCell.swift; sourceTree = "<group>"; };
		C208BB9B2283FFB100C354A7 /* IntroduceTableViewCell.xib */ = {isa = PBXFileReference; lastKnownFileType = file.xib; path = IntroduceTableViewCell.xib; sourceTree = "<group>"; };
		C208BB9E2284139C00C354A7 /* TopViewController.swift */ = {isa = PBXFileReference; lastKnownFileType = sourcecode.swift; path = TopViewController.swift; sourceTree = "<group>"; };
		C268090F2292C36000852066 /* party_cracker.png */ = {isa = PBXFileReference; lastKnownFileType = image.png; path = party_cracker.png; sourceTree = "<group>"; };
		C26809112292C4E600852066 /* party_cracker2.png */ = {isa = PBXFileReference; lastKnownFileType = image.png; path = party_cracker2.png; sourceTree = "<group>"; };
		C26809152292C6A000852066 /* FinishViewController.swift */ = {isa = PBXFileReference; lastKnownFileType = sourcecode.swift; path = FinishViewController.swift; sourceTree = "<group>"; };
/* End PBXFileReference section */

/* Begin PBXFrameworksBuildPhase section */
		C208BA58226AF33500C354A7 /* Frameworks */ = {
			isa = PBXFrameworksBuildPhase;
			buildActionMask = 2147483647;
			files = (
				F09C59FC577686CA2D0FBC55 /* Pods_IntroApp.framework in Frameworks */,
			);
			runOnlyForDeploymentPostprocessing = 0;
		};
/* End PBXFrameworksBuildPhase section */

/* Begin PBXGroup section */
		590C519CC18A7912825FB948 /* Frameworks */ = {
			isa = PBXGroup;
			children = (
				6F91C8921EC5EBD17FEF87E1 /* Pods_IntroApp.framework */,
			);
			name = Frameworks;
			sourceTree = "<group>";
		};
		5A4D9E9E0A55FFC534D9E8BB /* Pods */ = {
			isa = PBXGroup;
			children = (
				15873FEE195477994E79693B /* Pods-IntroApp.debug.xcconfig */,
				730D4A9244639A16DAE6A268 /* Pods-IntroApp.release.xcconfig */,
			);
			path = Pods;
			sourceTree = "<group>";
		};
		C208BA52226AF33400C354A7 = {
			isa = PBXGroup;
			children = (
				C26809112292C4E600852066 /* party_cracker2.png */,
				C268090F2292C36000852066 /* party_cracker.png */,
				C208BA5D226AF33500C354A7 /* IntroApp */,
				C208BA5C226AF33500C354A7 /* Products */,
				5A4D9E9E0A55FFC534D9E8BB /* Pods */,
				590C519CC18A7912825FB948 /* Frameworks */,
			);
			sourceTree = "<group>";
		};
		C208BA5C226AF33500C354A7 /* Products */ = {
			isa = PBXGroup;
			children = (
				C208BA5B226AF33500C354A7 /* IntroApp.app */,
			);
			name = Products;
			sourceTree = "<group>";
		};
		C208BA5D226AF33500C354A7 /* IntroApp */ = {
			isa = PBXGroup;
			children = (
				C208BB992283FF8600C354A7 /* Cell */,
				C208BB862283504400C354A7 /* Model.swift */,
				C208BA5E226AF33500C354A7 /* AppDelegate.swift */,
				C208BB982283FF5700C354A7 /* ViewController */,
				C208BA65226AF33700C354A7 /* Assets.xcassets */,
				C208BA62226AF33500C354A7 /* Main.storyboard */,
				C208BA67226AF33700C354A7 /* LaunchScreen.storyboard */,
				C208BA6A226AF33700C354A7 /* Info.plist */,
			);
			path = IntroApp;
			sourceTree = "<group>";
		};
		C208BB982283FF5700C354A7 /* ViewController */ = {
			isa = PBXGroup;
			children = (
				C26809152292C6A000852066 /* FinishViewController.swift */,
				C208BB922283C6D000C354A7 /* DateTableViewController.swift */,
				C208BB962283FF2E00C354A7 /* IntroduceTableViewController.swift */,
				C208BA60226AF33500C354A7 /* ViewController.swift */,
				C208BA70226B130600C354A7 /* QuestionViewController.swift */,
				C200A110228EACD900757F04 /* QuestionChoiceController.swift */,
				C200A114228F37C400757F04 /* NextViewController.swift */,
				C208BB9E2284139C00C354A7 /* TopViewController.swift */,
			);
			path = ViewController;
			sourceTree = "<group>";
		};
		C208BB992283FF8600C354A7 /* Cell */ = {
			isa = PBXGroup;
			children = (
				C208BB8C2283C1E700C354A7 /* DataTableViewCell.swift */,
				C208BB8D2283C1E700C354A7 /* DataTableViewCell.xib */,
				C200A10C228EA7C100757F04 /* QuestionCell.swift */,
				C200A10D228EA7C100757F04 /* QuestionCell.xib */,
				C208BB9A2283FFB100C354A7 /* IntroduceTableViewCell.swift */,
				C208BB9B2283FFB100C354A7 /* IntroduceTableViewCell.xib */,
			);
			path = Cell;
			sourceTree = "<group>";
		};
/* End PBXGroup section */

/* Begin PBXNativeTarget section */
		C208BA5A226AF33500C354A7 /* IntroApp */ = {
			isa = PBXNativeTarget;
			buildConfigurationList = C208BA6D226AF33700C354A7 /* Build configuration list for PBXNativeTarget "IntroApp" */;
			buildPhases = (
				4812B2108DF698B0DC7F635D /* [CP] Check Pods Manifest.lock */,
				C208BA57226AF33500C354A7 /* Sources */,
				C208BA58226AF33500C354A7 /* Frameworks */,
				C208BA59226AF33500C354A7 /* Resources */,
				A240AFDC22E727667A4EBB35 /* [CP] Embed Pods Frameworks */,
			);
			buildRules = (
			);
			dependencies = (
			);
			name = IntroApp;
			productName = IntroApp;
			productReference = C208BA5B226AF33500C354A7 /* IntroApp.app */;
			productType = "com.apple.product-type.application";
		};
/* End PBXNativeTarget section */

/* Begin PBXProject section */
		C208BA53226AF33400C354A7 /* Project object */ = {
			isa = PBXProject;
			attributes = {
				LastSwiftUpdateCheck = 1020;
				LastUpgradeCheck = 1020;
				ORGANIZATIONNAME = "林香穂";
				TargetAttributes = {
					C208BA5A226AF33500C354A7 = {
						CreatedOnToolsVersion = 10.2;
					};
				};
			};
			buildConfigurationList = C208BA56226AF33400C354A7 /* Build configuration list for PBXProject "IntroApp" */;
			compatibilityVersion = "Xcode 9.3";
			developmentRegion = en;
			hasScannedForEncodings = 0;
			knownRegions = (
				en,
				Base,
			);
			mainGroup = C208BA52226AF33400C354A7;
			productRefGroup = C208BA5C226AF33500C354A7 /* Products */;
			projectDirPath = "";
			projectRoot = "";
			targets = (
				C208BA5A226AF33500C354A7 /* IntroApp */,
			);
		};
/* End PBXProject section */

/* Begin PBXResourcesBuildPhase section */
		C208BA59226AF33500C354A7 /* Resources */ = {
			isa = PBXResourcesBuildPhase;
			buildActionMask = 2147483647;
			files = (
				C208BA69226AF33700C354A7 /* LaunchScreen.storyboard in Resources */,
				C26809122292C4E700852066 /* party_cracker2.png in Resources */,
				C200A10F228EA7C100757F04 /* QuestionCell.xib in Resources */,
				C208BA66226AF33700C354A7 /* Assets.xcassets in Resources */,
				C208BA64226AF33500C354A7 /* Main.storyboard in Resources */,
				C208BB8F2283C1E700C354A7 /* DataTableViewCell.xib in Resources */,
				C208BB9D2283FFB100C354A7 /* IntroduceTableViewCell.xib in Resources */,
				C26809102292C36000852066 /* party_cracker.png in Resources */,
			);
			runOnlyForDeploymentPostprocessing = 0;
		};
/* End PBXResourcesBuildPhase section */

/* Begin PBXShellScriptBuildPhase section */
		4812B2108DF698B0DC7F635D /* [CP] Check Pods Manifest.lock */ = {
			isa = PBXShellScriptBuildPhase;
			buildActionMask = 2147483647;
			files = (
			);
			inputFileListPaths = (
			);
			inputPaths = (
				"${PODS_PODFILE_DIR_PATH}/Podfile.lock",
				"${PODS_ROOT}/Manifest.lock",
			);
			name = "[CP] Check Pods Manifest.lock";
			outputFileListPaths = (
			);
			outputPaths = (
				"$(DERIVED_FILE_DIR)/Pods-IntroApp-checkManifestLockResult.txt",
			);
			runOnlyForDeploymentPostprocessing = 0;
			shellPath = /bin/sh;
			shellScript = "diff \"${PODS_PODFILE_DIR_PATH}/Podfile.lock\" \"${PODS_ROOT}/Manifest.lock\" > /dev/null\nif [ $? != 0 ] ; then\n    # print error to STDERR\n    echo \"error: The sandbox is not in sync with the Podfile.lock. Run 'pod install' or update your CocoaPods installation.\" >&2\n    exit 1\nfi\n# This output is used by Xcode 'outputs' to avoid re-running this script phase.\necho \"SUCCESS\" > \"${SCRIPT_OUTPUT_FILE_0}\"\n";
			showEnvVarsInLog = 0;
		};
		A240AFDC22E727667A4EBB35 /* [CP] Embed Pods Frameworks */ = {
			isa = PBXShellScriptBuildPhase;
			buildActionMask = 2147483647;
			files = (
			);
			inputFileListPaths = (
			);
			inputPaths = (
				"${PODS_ROOT}/Target Support Files/Pods-IntroApp/Pods-IntroApp-frameworks.sh",
				"${BUILT_PRODUCTS_DIR}/Realm/Realm.framework",
				"${BUILT_PRODUCTS_DIR}/RealmSwift/RealmSwift.framework",
			);
			name = "[CP] Embed Pods Frameworks";
			outputFileListPaths = (
			);
			outputPaths = (
				"${TARGET_BUILD_DIR}/${FRAMEWORKS_FOLDER_PATH}/Realm.framework",
				"${TARGET_BUILD_DIR}/${FRAMEWORKS_FOLDER_PATH}/RealmSwift.framework",
			);
			runOnlyForDeploymentPostprocessing = 0;
			shellPath = /bin/sh;
			shellScript = "\"${PODS_ROOT}/Target Support Files/Pods-IntroApp/Pods-IntroApp-frameworks.sh\"\n";
			showEnvVarsInLog = 0;
		};
/* End PBXShellScriptBuildPhase section */

/* Begin PBXSourcesBuildPhase section */
		C208BA57226AF33500C354A7 /* Sources */ = {
			isa = PBXSourcesBuildPhase;
			buildActionMask = 2147483647;
			files = (
				C208BB872283504400C354A7 /* Model.swift in Sources */,
				C208BB8E2283C1E700C354A7 /* DataTableViewCell.swift in Sources */,
				C208BA61226AF33500C354A7 /* ViewController.swift in Sources */,
				C26809162292C6A000852066 /* FinishViewController.swift in Sources */,
				C208BB9F2284139C00C354A7 /* TopViewController.swift in Sources */,
				C200A111228EACD900757F04 /* QuestionChoiceController.swift in Sources */,
				C208BB932283C6D000C354A7 /* DateTableViewController.swift in Sources */,
				C200A115228F37C400757F04 /* NextViewController.swift in Sources */,
				C208BB972283FF2E00C354A7 /* IntroduceTableViewController.swift in Sources */,
				C208BB9C2283FFB100C354A7 /* IntroduceTableViewCell.swift in Sources */,
				C208BA5F226AF33500C354A7 /* AppDelegate.swift in Sources */,
				C208BA71226B130600C354A7 /* QuestionViewController.swift in Sources */,
				C200A10E228EA7C100757F04 /* QuestionCell.swift in Sources */,
			);
			runOnlyForDeploymentPostprocessing = 0;
		};
/* End PBXSourcesBuildPhase section */

/* Begin PBXVariantGroup section */
		C208BA62226AF33500C354A7 /* Main.storyboard */ = {
			isa = PBXVariantGroup;
			children = (
				C208BA63226AF33500C354A7 /* Base */,
			);
			name = Main.storyboard;
			sourceTree = "<group>";
		};
		C208BA67226AF33700C354A7 /* LaunchScreen.storyboard */ = {
			isa = PBXVariantGroup;
			children = (
				C208BA68226AF33700C354A7 /* Base */,
			);
			name = LaunchScreen.storyboard;
			sourceTree = "<group>";
		};
/* End PBXVariantGroup section */

/* Begin XCBuildConfiguration section */
		C208BA6B226AF33700C354A7 /* Debug */ = {
			isa = XCBuildConfiguration;
			buildSettings = {
				ALWAYS_SEARCH_USER_PATHS = NO;
				CLANG_ANALYZER_NONNULL = YES;
				CLANG_ANALYZER_NUMBER_OBJECT_CONVERSION = YES_AGGRESSIVE;
				CLANG_CXX_LANGUAGE_STANDARD = "gnu++14";
				CLANG_CXX_LIBRARY = "libc++";
				CLANG_ENABLE_MODULES = YES;
				CLANG_ENABLE_OBJC_ARC = YES;
				CLANG_ENABLE_OBJC_WEAK = YES;
				CLANG_WARN_BLOCK_CAPTURE_AUTORELEASING = YES;
				CLANG_WARN_BOOL_CONVERSION = YES;
				CLANG_WARN_COMMA = YES;
				CLANG_WARN_CONSTANT_CONVERSION = YES;
				CLANG_WARN_DEPRECATED_OBJC_IMPLEMENTATIONS = YES;
				CLANG_WARN_DIRECT_OBJC_ISA_USAGE = YES_ERROR;
				CLANG_WARN_DOCUMENTATION_COMMENTS = YES;
				CLANG_WARN_EMPTY_BODY = YES;
				CLANG_WARN_ENUM_CONVERSION = YES;
				CLANG_WARN_INFINITE_RECURSION = YES;
				CLANG_WARN_INT_CONVERSION = YES;
				CLANG_WARN_NON_LITERAL_NULL_CONVERSION = YES;
				CLANG_WARN_OBJC_IMPLICIT_RETAIN_SELF = YES;
				CLANG_WARN_OBJC_LITERAL_CONVERSION = YES;
				CLANG_WARN_OBJC_ROOT_CLASS = YES_ERROR;
				CLANG_WARN_RANGE_LOOP_ANALYSIS = YES;
				CLANG_WARN_STRICT_PROTOTYPES = YES;
				CLANG_WARN_SUSPICIOUS_MOVE = YES;
				CLANG_WARN_UNGUARDED_AVAILABILITY = YES_AGGRESSIVE;
				CLANG_WARN_UNREACHABLE_CODE = YES;
				CLANG_WARN__DUPLICATE_METHOD_MATCH = YES;
				CODE_SIGN_IDENTITY = "iPhone Developer";
				COPY_PHASE_STRIP = NO;
				DEBUG_INFORMATION_FORMAT = dwarf;
				ENABLE_STRICT_OBJC_MSGSEND = YES;
				ENABLE_TESTABILITY = YES;
				GCC_C_LANGUAGE_STANDARD = gnu11;
				GCC_DYNAMIC_NO_PIC = NO;
				GCC_NO_COMMON_BLOCKS = YES;
				GCC_OPTIMIZATION_LEVEL = 0;
				GCC_PREPROCESSOR_DEFINITIONS = (
					"DEBUG=1",
					"$(inherited)",
				);
				GCC_WARN_64_TO_32_BIT_CONVERSION = YES;
				GCC_WARN_ABOUT_RETURN_TYPE = YES_ERROR;
				GCC_WARN_UNDECLARED_SELECTOR = YES;
				GCC_WARN_UNINITIALIZED_AUTOS = YES_AGGRESSIVE;
				GCC_WARN_UNUSED_FUNCTION = YES;
				GCC_WARN_UNUSED_VARIABLE = YES;
				IPHONEOS_DEPLOYMENT_TARGET = 12.2;
				MTL_ENABLE_DEBUG_INFO = INCLUDE_SOURCE;
				MTL_FAST_MATH = YES;
				ONLY_ACTIVE_ARCH = YES;
				SDKROOT = iphoneos;
				SWIFT_ACTIVE_COMPILATION_CONDITIONS = DEBUG;
				SWIFT_OPTIMIZATION_LEVEL = "-Onone";
			};
			name = Debug;
		};
		C208BA6C226AF33700C354A7 /* Release */ = {
			isa = XCBuildConfiguration;
			buildSettings = {
				ALWAYS_SEARCH_USER_PATHS = NO;
				CLANG_ANALYZER_NONNULL = YES;
				CLANG_ANALYZER_NUMBER_OBJECT_CONVERSION = YES_AGGRESSIVE;
				CLANG_CXX_LANGUAGE_STANDARD = "gnu++14";
				CLANG_CXX_LIBRARY = "libc++";
				CLANG_ENABLE_MODULES = YES;
				CLANG_ENABLE_OBJC_ARC = YES;
				CLANG_ENABLE_OBJC_WEAK = YES;
				CLANG_WARN_BLOCK_CAPTURE_AUTORELEASING = YES;
				CLANG_WARN_BOOL_CONVERSION = YES;
				CLANG_WARN_COMMA = YES;
				CLANG_WARN_CONSTANT_CONVERSION = YES;
				CLANG_WARN_DEPRECATED_OBJC_IMPLEMENTATIONS = YES;
				CLANG_WARN_DIRECT_OBJC_ISA_USAGE = YES_ERROR;
				CLANG_WARN_DOCUMENTATION_COMMENTS = YES;
				CLANG_WARN_EMPTY_BODY = YES;
				CLANG_WARN_ENUM_CONVERSION = YES;
				CLANG_WARN_INFINITE_RECURSION = YES;
				CLANG_WARN_INT_CONVERSION = YES;
				CLANG_WARN_NON_LITERAL_NULL_CONVERSION = YES;
				CLANG_WARN_OBJC_IMPLICIT_RETAIN_SELF = YES;
				CLANG_WARN_OBJC_LITERAL_CONVERSION = YES;
				CLANG_WARN_OBJC_ROOT_CLASS = YES_ERROR;
				CLANG_WARN_RANGE_LOOP_ANALYSIS = YES;
				CLANG_WARN_STRICT_PROTOTYPES = YES;
				CLANG_WARN_SUSPICIOUS_MOVE = YES;
				CLANG_WARN_UNGUARDED_AVAILABILITY = YES_AGGRESSIVE;
				CLANG_WARN_UNREACHABLE_CODE = YES;
				CLANG_WARN__DUPLICATE_METHOD_MATCH = YES;
				CODE_SIGN_IDENTITY = "iPhone Developer";
				COPY_PHASE_STRIP = NO;
				DEBUG_INFORMATION_FORMAT = "dwarf-with-dsym";
				ENABLE_NS_ASSERTIONS = NO;
				ENABLE_STRICT_OBJC_MSGSEND = YES;
				GCC_C_LANGUAGE_STANDARD = gnu11;
				GCC_NO_COMMON_BLOCKS = YES;
				GCC_WARN_64_TO_32_BIT_CONVERSION = YES;
				GCC_WARN_ABOUT_RETURN_TYPE = YES_ERROR;
				GCC_WARN_UNDECLARED_SELECTOR = YES;
				GCC_WARN_UNINITIALIZED_AUTOS = YES_AGGRESSIVE;
				GCC_WARN_UNUSED_FUNCTION = YES;
				GCC_WARN_UNUSED_VARIABLE = YES;
				IPHONEOS_DEPLOYMENT_TARGET = 12.2;
				MTL_ENABLE_DEBUG_INFO = NO;
				MTL_FAST_MATH = YES;
				SDKROOT = iphoneos;
				SWIFT_COMPILATION_MODE = wholemodule;
				SWIFT_OPTIMIZATION_LEVEL = "-O";
				VALIDATE_PRODUCT = YES;
			};
			name = Release;
		};
		C208BA6E226AF33700C354A7 /* Debug */ = {
			isa = XCBuildConfiguration;
			baseConfigurationReference = 15873FEE195477994E79693B /* Pods-IntroApp.debug.xcconfig */;
			buildSettings = {
				ASSETCATALOG_COMPILER_APPICON_NAME = AppIcon;
				CODE_SIGN_STYLE = Automatic;
				DEVELOPMENT_TEAM = GH57F443N9;
				INFOPLIST_FILE = IntroApp/Info.plist;
				IPHONEOS_DEPLOYMENT_TARGET = 12.2;
				LD_RUNPATH_SEARCH_PATHS = (
					"$(inherited)",
					"@executable_path/Frameworks",
				);
				PRODUCT_BUNDLE_IDENTIFIER = com.litech.IntroApp;
				PRODUCT_NAME = "$(TARGET_NAME)";
				SWIFT_VERSION = 5.0;
				TARGETED_DEVICE_FAMILY = "1,2";
			};
			name = Debug;
		};
		C208BA6F226AF33700C354A7 /* Release */ = {
			isa = XCBuildConfiguration;
			baseConfigurationReference = 730D4A9244639A16DAE6A268 /* Pods-IntroApp.release.xcconfig */;
			buildSettings = {
				ASSETCATALOG_COMPILER_APPICON_NAME = AppIcon;
				CODE_SIGN_STYLE = Automatic;
				DEVELOPMENT_TEAM = GH57F443N9;
				INFOPLIST_FILE = IntroApp/Info.plist;
				IPHONEOS_DEPLOYMENT_TARGET = 12.2;
				LD_RUNPATH_SEARCH_PATHS = (
					"$(inherited)",
					"@executable_path/Frameworks",
				);
				PRODUCT_BUNDLE_IDENTIFIER = com.litech.IntroApp;
				PRODUCT_NAME = "$(TARGET_NAME)";
				SWIFT_VERSION = 5.0;
				TARGETED_DEVICE_FAMILY = "1,2";
			};
			name = Release;
		};
/* End XCBuildConfiguration section */

/* Begin XCConfigurationList section */
		C208BA56226AF33400C354A7 /* Build configuration list for PBXProject "IntroApp" */ = {
			isa = XCConfigurationList;
			buildConfigurations = (
				C208BA6B226AF33700C354A7 /* Debug */,
				C208BA6C226AF33700C354A7 /* Release */,
			);
			defaultConfigurationIsVisible = 0;
			defaultConfigurationName = Release;
		};
		C208BA6D226AF33700C354A7 /* Build configuration list for PBXNativeTarget "IntroApp" */ = {
			isa = XCConfigurationList;
			buildConfigurations = (
				C208BA6E226AF33700C354A7 /* Debug */,
				C208BA6F226AF33700C354A7 /* Release */,
			);
			defaultConfigurationIsVisible = 0;
			defaultConfigurationName = Release;
		};
/* End XCConfigurationList section */
	};
	rootObject = C208BA53226AF33400C354A7 /* Project object */;
}
